dependencies:
  idf:
    component_hash: null
    source:
      type: idf
    version: 5.1.2
  protocol_examples_common:
    component_hash: null
    source:
      path: C:\Espressif\frameworks\esp-idf-v5.1.2\examples\common_components\protocol_examples_common
      type: local
    version: '*'
manifest_hash: de1b8e7af5d0660e2888804bf4830b3450fb26bd657cf75bb7ba8fc4d8946cfe
target: esp32
version: 1.0.0
